
Microsoft Visual Studio Solution File, Format Version 12.00
# Visual Studio Version 17
VisualStudioVersion = 17.14.36408.4 d17.14
MinimumVisualStudioVersion = 10.0.40219.1
Project("{FAE04EC0-301F-11D3-BF4B-00C04F79EFBC}") = "Attendance.API", "Attendance.API\Attendance.API.csproj", "{C5415350-728F-47C4-ACE6-E7AAE791594C}"
EndProject
Project("{FAE04EC0-301F-11D3-BF4B-00C04F79EFBC}") = "Attendance.Core", "Attendance.Core\Attendance.Core.csproj", "{E6F52A13-B317-4DA1-8E0B-8F9BD51D35ED}"
EndProject
Project("{FAE04EC0-301F-11D3-BF4B-00C04F79EFBC}") = "Attendance.Infrastructure", "Attendance.Infrastructure\Attendance.Infrastructure.csproj", "{4AF8CFA4-40C8-4119-ADDC-4AA956040E9B}"
EndProject
Project("{FAE04EC0-301F-11D3-BF4B-00C04F79EFBC}") = "Attendance.Tests", "Attendance.Tests\Attendance.Tests.csproj", "{B3F14B88-6003-445E-8C58-F839E0F1D258}"
EndProject
Global
	GlobalSection(SolutionConfigurationPlatforms) = preSolution
		Debug|Any CPU = Debug|Any CPU
		Release|Any CPU = Release|Any CPU
	EndGlobalSection
	GlobalSection(ProjectConfigurationPlatforms) = postSolution
		{C5415350-728F-47C4-ACE6-E7AAE791594C}.Debug|Any CPU.ActiveCfg = Debug|Any CPU
		{C5415350-728F-47C4-ACE6-E7AAE791594C}.Debug|Any CPU.Build.0 = Debug|Any CPU
		{C5415350-728F-47C4-ACE6-E7AAE791594C}.Release|Any CPU.ActiveCfg = Release|Any CPU
		{C5415350-728F-47C4-ACE6-E7AAE791594C}.Release|Any CPU.Build.0 = Release|Any CPU
		{E6F52A13-B317-4DA1-8E0B-8F9BD51D35ED}.Debug|Any CPU.ActiveCfg = Debug|Any CPU
		{E6F52A13-B317-4DA1-8E0B-8F9BD51D35ED}.Debug|Any CPU.Build.0 = Debug|Any CPU
		{E6F52A13-B317-4DA1-8E0B-8F9BD51D35ED}.Release|Any CPU.ActiveCfg = Release|Any CPU
		{E6F52A13-B317-4DA1-8E0B-8F9BD51D35ED}.Release|Any CPU.Build.0 = Release|Any CPU
		{4AF8CFA4-40C8-4119-ADDC-4AA956040E9B}.Debug|Any CPU.ActiveCfg = Debug|Any CPU
		{4AF8CFA4-40C8-4119-ADDC-4AA956040E9B}.Debug|Any CPU.Build.0 = Debug|Any CPU
		{4AF8CFA4-40C8-4119-ADDC-4AA956040E9B}.Release|Any CPU.ActiveCfg = Release|Any CPU
		{4AF8CFA4-40C8-4119-ADDC-4AA956040E9B}.Release|Any CPU.Build.0 = Release|Any CPU
		{B3F14B88-6003-445E-8C58-F839E0F1D258}.Debug|Any CPU.ActiveCfg = Debug|Any CPU
		{B3F14B88-6003-445E-8C58-F839E0F1D258}.Debug|Any CPU.Build.0 = Debug|Any CPU
		{B3F14B88-6003-445E-8C58-F839E0F1D258}.Release|Any CPU.ActiveCfg = Release|Any CPU
		{B3F14B88-6003-445E-8C58-F839E0F1D258}.Release|Any CPU.Build.0 = Release|Any CPU
	EndGlobalSection
	GlobalSection(SolutionProperties) = preSolution
		HideSolutionNode = FALSE
	EndGlobalSection
	GlobalSection(ExtensibilityGlobals) = postSolution
		SolutionGuid = {58163DF5-DB61-4B76-A504-2EA789F46050}
	EndGlobalSection
EndGlobal
